
Microsoft Visual Studio Solution File, Format Version 12.00
# Visual Studio Version 17
VisualStudioVersion = 17.4.33213.308
MinimumVisualStudioVersion = 10.0.40219.1
Project("{FAE04EC0-301F-11D3-BF4B-00C04F79EFBC}") = "vPilot Extended", "vPilot Extended\vPilot Extended.csproj", "{298012F8-53AA-4365-A72C-8E5C4C7554BF}"
EndProject
Global
	GlobalSection(SolutionConfigurationPlatforms) = preSolution
		Debug|Any CPU = Debug|Any CPU
		Release|Any CPU = Release|Any CPU
	EndGlobalSection
	GlobalSection(ProjectConfigurationPlatforms) = postSolution
		{298012F8-53AA-4365-A72C-8E5C4C7554BF}.Debug|Any CPU.ActiveCfg = Debug|Any CPU
		{298012F8-53AA-4365-A72C-8E5C4C7554BF}.Debug|Any CPU.Build.0 = Debug|Any CPU
		{298012F8-53AA-4365-A72C-8E5C4C7554BF}.Release|Any CPU.ActiveCfg = Release|Any CPU
		{298012F8-53AA-4365-A72C-8E5C4C7554BF}.Release|Any CPU.Build.0 = Release|Any CPU
	EndGlobalSection
	GlobalSection(SolutionProperties) = preSolution
		HideSolutionNode = FALSE
	EndGlobalSection
	GlobalSection(ExtensibilityGlobals) = postSolution
		SolutionGuid = {1A0524EE-E783-456B-A087-9DBEE568874D}
	EndGlobalSection
EndGlobal
